<?xml version="1.0" encoding="utf-8"?>
<Project ToolsVersion="4.0" xmlns="http://schemas.microsoft.com/developer/msbuild/2003">
  <ItemGroup>
    <Filter Include="includes"><UniqueIdentifier>{1A73C96F-AC5A-4BC6-B758-72CBFFEC996E}</UniqueIdentifier></Filter>
    <Filter Include="src"><UniqueIdentifier>{17454C27-37FC-49F0-86C1-5905DD0A8F8E}</UniqueIdentifier></Filter>
    <Filter Include="tests"><UniqueIdentifier>{82F67E86-66CB-4581-898B-3A1093E57B19}</UniqueIdentifier></Filter>
    <Filter Include="platforms"><UniqueIdentifier>{AB8AFA26-8758-4C64-9F57-EA85AD057460}</UniqueIdentifier></Filter>
  </ItemGroup>
  <ItemGroup>
    <ClInclude Include="includes\stn_platform.h"><Filter>includes</Filter></ClInclude>
    <ClInclude Include="src\stn_wire_internal.h"><Filter>src</Filter></ClInclude>
    <ClCompile Include="tests\test_record.c"><Filter>tests</Filter></ClCompile>
    <ClCompile Include="tests\test_intelligence.c"><Filter>tests</Filter></ClCompile>
    <ClCompile Include="tests\test_validation.c"><Filter>tests</Filter></ClCompile>
    <ClCompile Include="tests\test_chain_data.c"><Filter>tests</Filter></ClCompile>
    <ClCompile Include="tests\test_chain.c"><Filter>tests</Filter></ClCompile>
    <ClCompile Include="tests\test_pow.c"><Filter>tests</Filter></ClCompile>
    <ClCompile Include="src\stn_record.c"><Filter>src</Filter></ClCompile>
    <ClCompile Include="src\stn_intelligence.c"><Filter>src</Filter></ClCompile>
    <ClCompile Include="src\stn_validation.c"><Filter>src</Filter></ClCompile>
    <ClCompile Include="src\stn_block.c"><Filter>src</Filter></ClCompile>
    <ClCompile Include="src\stn_chain.c"><Filter>src</Filter></ClCompile>
    <ClCompile Include="platforms\windows\stn_sha256.c"><Filter>platforms</Filter></ClCompile>
    <ClInclude Include="includes\stn_sha256.h"><Filter>includes</Filter></ClInclude>
    <ClInclude Include="includes\stn_pow.h"><Filter>includes</Filter></ClInclude>
    <ClCompile Include="src\stn_pow.c"><Filter>src</Filter></ClCompile>
    <ClInclude Include="includes\stn_chain.h"><Filter>includes</Filter></ClInclude>
    <ClInclude Include="includes\stn_block.h"><Filter>includes</Filter></ClInclude>
    <ClCompile Include="src\stn_transaction.c"><Filter>src</Filter></ClCompile>
    <ClInclude Include="includes\stn_transaction.h"><Filter>includes</Filter></ClInclude>
    <ClInclude Include="includes\stn_validation.h"><Filter>includes</Filter></ClInclude>
    <ClInclude Include="includes\stn_intelligence.h"><Filter>includes</Filter></ClInclude>
    <ClInclude Include="includes\stn_record.h"><Filter>includes</Filter></ClInclude>
    <None Include="platforms\README.md"><Filter>platforms</Filter></None>
  </ItemGroup>
<ItemGroup><ClCompile Include="src\stn_fork.c"><Filter>src</Filter></ClCompile><ClInclude Include="includes\stn_fork.h"><Filter>includes</Filter></ClInclude></ItemGroup><ItemGroup><ClCompile Include="tests\test_fork.c"><Filter>tests</Filter></ClCompile></ItemGroup><ItemGroup><ClCompile Include="src\stn_storage.c"><Filter>src</Filter></ClCompile><ClCompile Include="platforms\windows\stn_storage_windows.c"><Filter>platforms</Filter></ClCompile><ClInclude Include="includes\stn_storage.h"><Filter>includes</Filter></ClInclude><ClInclude Include="includes\stn_windows_storage.h"><Filter>includes</Filter></ClInclude></ItemGroup><ItemGroup><ClCompile Include="tests\test_storage.c"><Filter>tests</Filter></ClCompile></ItemGroup><ItemGroup><ClCompile Include="src\stn_peer.c"><Filter>src</Filter></ClCompile><ClCompile Include="platforms\windows\stn_peer_windows.c"><Filter>platforms</Filter></ClCompile><ClInclude Include="includes\stn_peer.h"><Filter>includes</Filter></ClInclude><ClInclude Include="includes\stn_windows_peer.h"><Filter>includes</Filter></ClInclude></ItemGroup><ItemGroup><ClCompile Include="tests\test_peer.c"><Filter>tests</Filter></ClCompile></ItemGroup></Project>
